
Microsoft Visual Studio Solution File, Format Version 12.00
# Visual Studio Version 17
VisualStudioVersion = 17.9.34622.214
MinimumVisualStudioVersion = 10.0.40219.1
Project("{FAE04EC0-301F-11D3-BF4B-00C04F79EFBC}") = "StudentManagement.UI", "StudentManagement.UI\StudentManagement.UI.csproj", "{7003D853-B1A3-4A38-AF45-EB8B723FF99A}"
EndProject
Project("{FAE04EC0-301F-11D3-BF4B-00C04F79EFBC}") = "StudentManagement.Data", "StudentManagement.Data\StudentManagement.Data.csproj", "{4122F6A2-BE95-4477-B6DA-3EDF44DA6329}"
EndProject
Project("{FAE04EC0-301F-11D3-BF4B-00C04F79EFBC}") = "StudentManagement.Domain", "StudentManagement.Domain\StudentManagement.Domain.csproj", "{AA83B576-3A5C-496A-B8EE-6519826C3B1A}"
EndProject
Project("{FAE04EC0-301F-11D3-BF4B-00C04F79EFBC}") = "StudentManagement.BLL", "StudentManagement.BLL\StudentManagement.BLL.csproj", "{C60A1979-CDF6-4D17-BDE0-12C0597C5D07}"
EndProject
Project("{FAE04EC0-301F-11D3-BF4B-00C04F79EFBC}") = "StudentManagement.ViewModels", "StudentManagement.ViewModels\StudentManagement.ViewModels.csproj", "{03C898DA-FB55-4576-B0F4-DCBE0094A211}"
EndProject
Global
	GlobalSection(SolutionConfigurationPlatforms) = preSolution
		Debug|Any CPU = Debug|Any CPU
		Release|Any CPU = Release|Any CPU
	EndGlobalSection
	GlobalSection(ProjectConfigurationPlatforms) = postSolution
		{7003D853-B1A3-4A38-AF45-EB8B723FF99A}.Debug|Any CPU.ActiveCfg = Debug|Any CPU
		{7003D853-B1A3-4A38-AF45-EB8B723FF99A}.Debug|Any CPU.Build.0 = Debug|Any CPU
		{7003D853-B1A3-4A38-AF45-EB8B723FF99A}.Release|Any CPU.ActiveCfg = Release|Any CPU
		{7003D853-B1A3-4A38-AF45-EB8B723FF99A}.Release|Any CPU.Build.0 = Release|Any CPU
		{4122F6A2-BE95-4477-B6DA-3EDF44DA6329}.Debug|Any CPU.ActiveCfg = Debug|Any CPU
		{4122F6A2-BE95-4477-B6DA-3EDF44DA6329}.Debug|Any CPU.Build.0 = Debug|Any CPU
		{4122F6A2-BE95-4477-B6DA-3EDF44DA6329}.Release|Any CPU.ActiveCfg = Release|Any CPU
		{4122F6A2-BE95-4477-B6DA-3EDF44DA6329}.Release|Any CPU.Build.0 = Release|Any CPU
		{AA83B576-3A5C-496A-B8EE-6519826C3B1A}.Debug|Any CPU.ActiveCfg = Debug|Any CPU
		{AA83B576-3A5C-496A-B8EE-6519826C3B1A}.Debug|Any CPU.Build.0 = Debug|Any CPU
		{AA83B576-3A5C-496A-B8EE-6519826C3B1A}.Release|Any CPU.ActiveCfg = Release|Any CPU
		{AA83B576-3A5C-496A-B8EE-6519826C3B1A}.Release|Any CPU.Build.0 = Release|Any CPU
		{C60A1979-CDF6-4D17-BDE0-12C0597C5D07}.Debug|Any CPU.ActiveCfg = Debug|Any CPU
		{C60A1979-CDF6-4D17-BDE0-12C0597C5D07}.Debug|Any CPU.Build.0 = Debug|Any CPU
		{C60A1979-CDF6-4D17-BDE0-12C0597C5D07}.Release|Any CPU.ActiveCfg = Release|Any CPU
		{C60A1979-CDF6-4D17-BDE0-12C0597C5D07}.Release|Any CPU.Build.0 = Release|Any CPU
		{03C898DA-FB55-4576-B0F4-DCBE0094A211}.Debug|Any CPU.ActiveCfg = Debug|Any CPU
		{03C898DA-FB55-4576-B0F4-DCBE0094A211}.Debug|Any CPU.Build.0 = Debug|Any CPU
		{03C898DA-FB55-4576-B0F4-DCBE0094A211}.Release|Any CPU.ActiveCfg = Release|Any CPU
		{03C898DA-FB55-4576-B0F4-DCBE0094A211}.Release|Any CPU.Build.0 = Release|Any CPU
	EndGlobalSection
	GlobalSection(SolutionProperties) = preSolution
		HideSolutionNode = FALSE
	EndGlobalSection
	GlobalSection(ExtensibilityGlobals) = postSolution
		SolutionGuid = {D6793A07-EA0E-450F-B4C8-FCF9AC82EF57}
	EndGlobalSection
EndGlobal
